
Microsoft Visual Studio Solution File, Format Version 12.00
# Visual Studio Version 17
VisualStudioVersion = 17.8.34330.188
MinimumVisualStudioVersion = 10.0.40219.1
Project("{FAE04EC0-301F-11D3-BF4B-00C04F79EFBC}") = "ap026", "ap026\ap026.csproj", "{CDA34558-D634-42CA-B78D-71ECC34E3A0B}"
EndProject
Global
	GlobalSection(SolutionConfigurationPlatforms) = preSolution
		Debug|Any CPU = Debug|Any CPU
		Release|Any CPU = Release|Any CPU
	EndGlobalSection
	GlobalSection(ProjectConfigurationPlatforms) = postSolution
		{CDA34558-D634-42CA-B78D-71ECC34E3A0B}.Debug|Any CPU.ActiveCfg = Debug|Any CPU
		{CDA34558-D634-42CA-B78D-71ECC34E3A0B}.Debug|Any CPU.Build.0 = Debug|Any CPU
		{CDA34558-D634-42CA-B78D-71ECC34E3A0B}.Release|Any CPU.ActiveCfg = Release|Any CPU
		{CDA34558-D634-42CA-B78D-71ECC34E3A0B}.Release|Any CPU.Build.0 = Release|Any CPU
	EndGlobalSection
	GlobalSection(SolutionProperties) = preSolution
		HideSolutionNode = FALSE
	EndGlobalSection
	GlobalSection(ExtensibilityGlobals) = postSolution
		SolutionGuid = {1B6273FE-F5DB-43A8-A113-3E8414829671}
	EndGlobalSection
EndGlobal
