
Microsoft Visual Studio Solution File, Format Version 12.00
# Visual Studio Version 17
VisualStudioVersion = 17.8.34330.188
MinimumVisualStudioVersion = 10.0.40219.1
Project("{FAE04EC0-301F-11D3-BF4B-00C04F79EFBC}") = "ap006", "ap006\ap006.csproj", "{05EEA225-E298-4218-92B7-C6039FBAD78B}"
EndProject
Global
	GlobalSection(SolutionConfigurationPlatforms) = preSolution
		Debug|Any CPU = Debug|Any CPU
		Release|Any CPU = Release|Any CPU
	EndGlobalSection
	GlobalSection(ProjectConfigurationPlatforms) = postSolution
		{05EEA225-E298-4218-92B7-C6039FBAD78B}.Debug|Any CPU.ActiveCfg = Debug|Any CPU
		{05EEA225-E298-4218-92B7-C6039FBAD78B}.Debug|Any CPU.Build.0 = Debug|Any CPU
		{05EEA225-E298-4218-92B7-C6039FBAD78B}.Release|Any CPU.ActiveCfg = Release|Any CPU
		{05EEA225-E298-4218-92B7-C6039FBAD78B}.Release|Any CPU.Build.0 = Release|Any CPU
	EndGlobalSection
	GlobalSection(SolutionProperties) = preSolution
		HideSolutionNode = FALSE
	EndGlobalSection
	GlobalSection(ExtensibilityGlobals) = postSolution
		SolutionGuid = {15A1128B-6096-4AEF-A5AD-C9EBFCCB827B}
	EndGlobalSection
EndGlobal
