
Microsoft Visual Studio Solution File, Format Version 12.00
# Visual Studio Version 17
VisualStudioVersion = 17.8.34330.188
MinimumVisualStudioVersion = 10.0.40219.1
Project("{FAE04EC0-301F-11D3-BF4B-00C04F79EFBC}") = "ap020", "ap020\ap020.csproj", "{315511D5-661D-4F8C-8EA4-6D9384A85276}"
EndProject
Global
	GlobalSection(SolutionConfigurationPlatforms) = preSolution
		Debug|Any CPU = Debug|Any CPU
		Release|Any CPU = Release|Any CPU
	EndGlobalSection
	GlobalSection(ProjectConfigurationPlatforms) = postSolution
		{315511D5-661D-4F8C-8EA4-6D9384A85276}.Debug|Any CPU.ActiveCfg = Debug|Any CPU
		{315511D5-661D-4F8C-8EA4-6D9384A85276}.Debug|Any CPU.Build.0 = Debug|Any CPU
		{315511D5-661D-4F8C-8EA4-6D9384A85276}.Release|Any CPU.ActiveCfg = Release|Any CPU
		{315511D5-661D-4F8C-8EA4-6D9384A85276}.Release|Any CPU.Build.0 = Release|Any CPU
	EndGlobalSection
	GlobalSection(SolutionProperties) = preSolution
		HideSolutionNode = FALSE
	EndGlobalSection
	GlobalSection(ExtensibilityGlobals) = postSolution
		SolutionGuid = {4914A546-F5C7-4969-B9C5-6D9AABDB0C4E}
	EndGlobalSection
EndGlobal
