
Microsoft Visual Studio Solution File, Format Version 12.00
# Visual Studio Version 17
VisualStudioVersion = 17.10.35201.131
MinimumVisualStudioVersion = 10.0.40219.1
Project("{FAE04EC0-301F-11D3-BF4B-00C04F79EFBC}") = "AP01", "AP01\AP01.csproj", "{085FFD77-3931-4125-A258-97D687C22F3C}"
EndProject
Global
	GlobalSection(SolutionConfigurationPlatforms) = preSolution
		Debug|Any CPU = Debug|Any CPU
		Release|Any CPU = Release|Any CPU
	EndGlobalSection
	GlobalSection(ProjectConfigurationPlatforms) = postSolution
		{085FFD77-3931-4125-A258-97D687C22F3C}.Debug|Any CPU.ActiveCfg = Debug|Any CPU
		{085FFD77-3931-4125-A258-97D687C22F3C}.Debug|Any CPU.Build.0 = Debug|Any CPU
		{085FFD77-3931-4125-A258-97D687C22F3C}.Release|Any CPU.ActiveCfg = Release|Any CPU
		{085FFD77-3931-4125-A258-97D687C22F3C}.Release|Any CPU.Build.0 = Release|Any CPU
	EndGlobalSection
	GlobalSection(SolutionProperties) = preSolution
		HideSolutionNode = FALSE
	EndGlobalSection
	GlobalSection(ExtensibilityGlobals) = postSolution
		SolutionGuid = {AB9EA935-9D4F-4FC6-931A-BD033C49B34A}
	EndGlobalSection
EndGlobal
