
Microsoft Visual Studio Solution File, Format Version 12.00
# Visual Studio Version 17
VisualStudioVersion = 17.10.35201.131
MinimumVisualStudioVersion = 10.0.40219.1
Project("{FAE04EC0-301F-11D3-BF4B-00C04F79EFBC}") = "AP01", "AP01\AP01.csproj", "{11C39437-CD24-4682-977E-282F8367AE26}"
EndProject
Global
	GlobalSection(SolutionConfigurationPlatforms) = preSolution
		Debug|Any CPU = Debug|Any CPU
		Release|Any CPU = Release|Any CPU
	EndGlobalSection
	GlobalSection(ProjectConfigurationPlatforms) = postSolution
		{11C39437-CD24-4682-977E-282F8367AE26}.Debug|Any CPU.ActiveCfg = Debug|Any CPU
		{11C39437-CD24-4682-977E-282F8367AE26}.Debug|Any CPU.Build.0 = Debug|Any CPU
		{11C39437-CD24-4682-977E-282F8367AE26}.Release|Any CPU.ActiveCfg = Release|Any CPU
		{11C39437-CD24-4682-977E-282F8367AE26}.Release|Any CPU.Build.0 = Release|Any CPU
	EndGlobalSection
	GlobalSection(SolutionProperties) = preSolution
		HideSolutionNode = FALSE
	EndGlobalSection
	GlobalSection(ExtensibilityGlobals) = postSolution
		SolutionGuid = {8BCEA775-6594-4241-A19B-27A7208A9DC2}
	EndGlobalSection
EndGlobal
