
Microsoft Visual Studio Solution File, Format Version 12.00
# Visual Studio Version 17
VisualStudioVersion = 17.8.34330.188
MinimumVisualStudioVersion = 10.0.40219.1
Project("{FAE04EC0-301F-11D3-BF4B-00C04F79EFBC}") = "ap015", "ap015\ap015.csproj", "{9F6A7814-B13E-4E51-9C3E-651CE7D45F13}"
EndProject
Global
	GlobalSection(SolutionConfigurationPlatforms) = preSolution
		Debug|Any CPU = Debug|Any CPU
		Release|Any CPU = Release|Any CPU
	EndGlobalSection
	GlobalSection(ProjectConfigurationPlatforms) = postSolution
		{9F6A7814-B13E-4E51-9C3E-651CE7D45F13}.Debug|Any CPU.ActiveCfg = Debug|Any CPU
		{9F6A7814-B13E-4E51-9C3E-651CE7D45F13}.Debug|Any CPU.Build.0 = Debug|Any CPU
		{9F6A7814-B13E-4E51-9C3E-651CE7D45F13}.Release|Any CPU.ActiveCfg = Release|Any CPU
		{9F6A7814-B13E-4E51-9C3E-651CE7D45F13}.Release|Any CPU.Build.0 = Release|Any CPU
	EndGlobalSection
	GlobalSection(SolutionProperties) = preSolution
		HideSolutionNode = FALSE
	EndGlobalSection
	GlobalSection(ExtensibilityGlobals) = postSolution
		SolutionGuid = {57B8DEF6-A251-43B1-92D9-B99F9B56A431}
	EndGlobalSection
EndGlobal
