
Microsoft Visual Studio Solution File, Format Version 12.00
# Visual Studio Version 17
VisualStudioVersion = 17.8.34330.188
MinimumVisualStudioVersion = 10.0.40219.1
Project("{FAE04EC0-301F-11D3-BF4B-00C04F79EFBC}") = "ATV2", "ATV2\ATV2.csproj", "{E46DE8C9-78F3-4217-B551-567E8637687B}"
EndProject
Global
	GlobalSection(SolutionConfigurationPlatforms) = preSolution
		Debug|Any CPU = Debug|Any CPU
		Release|Any CPU = Release|Any CPU
	EndGlobalSection
	GlobalSection(ProjectConfigurationPlatforms) = postSolution
		{E46DE8C9-78F3-4217-B551-567E8637687B}.Debug|Any CPU.ActiveCfg = Debug|Any CPU
		{E46DE8C9-78F3-4217-B551-567E8637687B}.Debug|Any CPU.Build.0 = Debug|Any CPU
		{E46DE8C9-78F3-4217-B551-567E8637687B}.Release|Any CPU.ActiveCfg = Release|Any CPU
		{E46DE8C9-78F3-4217-B551-567E8637687B}.Release|Any CPU.Build.0 = Release|Any CPU
	EndGlobalSection
	GlobalSection(SolutionProperties) = preSolution
		HideSolutionNode = FALSE
	EndGlobalSection
	GlobalSection(ExtensibilityGlobals) = postSolution
		SolutionGuid = {0306E149-F07C-411B-89F9-35AD14771B0D}
	EndGlobalSection
EndGlobal
