
Microsoft Visual Studio Solution File, Format Version 12.00
# Visual Studio Version 17
VisualStudioVersion = 17.10.35201.131
MinimumVisualStudioVersion = 10.0.40219.1
Project("{FAE04EC0-301F-11D3-BF4B-00C04F79EFBC}") = "AP01", "AP01\AP01.csproj", "{DA2AF77C-EC8F-4A36-BF2A-E0A3E1669FDD}"
EndProject
Global
	GlobalSection(SolutionConfigurationPlatforms) = preSolution
		Debug|Any CPU = Debug|Any CPU
		Release|Any CPU = Release|Any CPU
	EndGlobalSection
	GlobalSection(ProjectConfigurationPlatforms) = postSolution
		{DA2AF77C-EC8F-4A36-BF2A-E0A3E1669FDD}.Debug|Any CPU.ActiveCfg = Debug|Any CPU
		{DA2AF77C-EC8F-4A36-BF2A-E0A3E1669FDD}.Debug|Any CPU.Build.0 = Debug|Any CPU
		{DA2AF77C-EC8F-4A36-BF2A-E0A3E1669FDD}.Release|Any CPU.ActiveCfg = Release|Any CPU
		{DA2AF77C-EC8F-4A36-BF2A-E0A3E1669FDD}.Release|Any CPU.Build.0 = Release|Any CPU
	EndGlobalSection
	GlobalSection(SolutionProperties) = preSolution
		HideSolutionNode = FALSE
	EndGlobalSection
	GlobalSection(ExtensibilityGlobals) = postSolution
		SolutionGuid = {D0C6EBC8-52F2-42B2-8DE8-55A79735AEA6}
	EndGlobalSection
EndGlobal
