
Microsoft Visual Studio Solution File, Format Version 12.00
# Visual Studio Version 17
VisualStudioVersion = 17.8.34330.188
MinimumVisualStudioVersion = 10.0.40219.1
Project("{FAE04EC0-301F-11D3-BF4B-00C04F79EFBC}") = "ap028", "ap028\ap028.csproj", "{E5BA45AC-00FE-41FE-B085-55BE90E0D79B}"
EndProject
Global
	GlobalSection(SolutionConfigurationPlatforms) = preSolution
		Debug|Any CPU = Debug|Any CPU
		Release|Any CPU = Release|Any CPU
	EndGlobalSection
	GlobalSection(ProjectConfigurationPlatforms) = postSolution
		{E5BA45AC-00FE-41FE-B085-55BE90E0D79B}.Debug|Any CPU.ActiveCfg = Debug|Any CPU
		{E5BA45AC-00FE-41FE-B085-55BE90E0D79B}.Debug|Any CPU.Build.0 = Debug|Any CPU
		{E5BA45AC-00FE-41FE-B085-55BE90E0D79B}.Release|Any CPU.ActiveCfg = Release|Any CPU
		{E5BA45AC-00FE-41FE-B085-55BE90E0D79B}.Release|Any CPU.Build.0 = Release|Any CPU
	EndGlobalSection
	GlobalSection(SolutionProperties) = preSolution
		HideSolutionNode = FALSE
	EndGlobalSection
	GlobalSection(ExtensibilityGlobals) = postSolution
		SolutionGuid = {0ADBC53B-43AC-46D4-99ED-ACBF0CA18E98}
	EndGlobalSection
EndGlobal
